<?xml version="1.0" encoding="UTF-8"?>
<Project ToolsVersion="14.0" xmlns="http://schemas.microsoft.com/developer/msbuild/2003">
  <ItemGroup>
    <ClCompile Include="F:\from_github\Horde3D\Horde3D\Source\ColladaConverter\converter.cpp">
      <Filter>Source Files</Filter>
    </ClCompile>
    <ClCompile Include="F:\from_github\Horde3D\Horde3D\Source\ColladaConverter\daeMain.cpp">
      <Filter>Source Files</Filter>
    </ClCompile>
    <ClCompile Include="F:\from_github\Horde3D\Horde3D\Source\ColladaConverter\main.cpp">
      <Filter>Source Files</Filter>
    </ClCompile>
    <ClCompile Include="F:\from_github\Horde3D\Horde3D\Source\ColladaConverter\optimizer.cpp">
      <Filter>Source Files</Filter>
    </ClCompile>
    <ClCompile Include="F:\from_github\Horde3D\Horde3D\Source\ColladaConverter\utils.cpp">
      <Filter>Source Files</Filter>
    </ClCompile>
  </ItemGroup>
  <ItemGroup>
    <ClInclude Include="F:\from_github\Horde3D\Horde3D\Source\ColladaConverter\converter.h">
      <Filter>Header Files</Filter>
    </ClInclude>
    <ClInclude Include="F:\from_github\Horde3D\Horde3D\Source\ColladaConverter\daeCommon.h">
      <Filter>Header Files</Filter>
    </ClInclude>
    <ClInclude Include="F:\from_github\Horde3D\Horde3D\Source\ColladaConverter\daeLibAnimations.h">
      <Filter>Header Files</Filter>
    </ClInclude>
    <ClInclude Include="F:\from_github\Horde3D\Horde3D\Source\ColladaConverter\daeLibControllers.h">
      <Filter>Header Files</Filter>
    </ClInclude>
    <ClInclude Include="F:\from_github\Horde3D\Horde3D\Source\ColladaConverter\daeLibEffects.h">
      <Filter>Header Files</Filter>
    </ClInclude>
    <ClInclude Include="F:\from_github\Horde3D\Horde3D\Source\ColladaConverter\daeLibGeometries.h">
      <Filter>Header Files</Filter>
    </ClInclude>
    <ClInclude Include="F:\from_github\Horde3D\Horde3D\Source\ColladaConverter\daeLibImages.h">
      <Filter>Header Files</Filter>
    </ClInclude>
    <ClInclude Include="F:\from_github\Horde3D\Horde3D\Source\ColladaConverter\daeLibMaterials.h">
      <Filter>Header Files</Filter>
    </ClInclude>
    <ClInclude Include="F:\from_github\Horde3D\Horde3D\Source\ColladaConverter\daeLibVisualScenes.h">
      <Filter>Header Files</Filter>
    </ClInclude>
    <ClInclude Include="F:\from_github\Horde3D\Horde3D\Source\ColladaConverter\daeMain.h">
      <Filter>Header Files</Filter>
    </ClInclude>
    <ClInclude Include="F:\from_github\Horde3D\Horde3D\Source\ColladaConverter\optimizer.h">
      <Filter>Header Files</Filter>
    </ClInclude>
    <ClInclude Include="F:\from_github\Horde3D\Horde3D\Source\ColladaConverter\utils.h">
      <Filter>Header Files</Filter>
    </ClInclude>
  </ItemGroup>
  <ItemGroup>
    <CustomBuild Include="F:\from_github\Horde3D\Horde3D\Source\ColladaConverter\CMakeLists.txt" />
  </ItemGroup>
  <ItemGroup>
    <Filter Include="Source Files">
      <UniqueIdentifier>{6E5C5626-229E-3218-93FB-BEAF206EF18F}</UniqueIdentifier>
    </Filter>
    <Filter Include="Header Files">
      <UniqueIdentifier>{9F02E18A-2E17-3176-A34F-FF7E15956B6D}</UniqueIdentifier>
    </Filter>
  </ItemGroup>
</Project>
